dependencies:
- name: postgresql-ha
  repository: oci://registry-1.docker.io/bitnamicharts
  version: 11.8.1
- name: emqx
  repository: https://repos.emqx.io/charts
  version: 5.8.9
digest: sha256:d09be445aa1fe1256d9552e627d3fa9302aa0c762c3cd0ff0e1d78463026806b
generated: "2026-04-07T23:46:46.071096+05:30"
